{
    "_meta": {
        "hash": {
            "sha256": "b591b091b7aec0a3367586349d4950d63c897c412e2b5a4e60596152c3b06645"
        },
        "pipfile-spec": 6,
        "requires": {
            "python_version": "3.8"
        },
        "sources": [
            {
                "name": "pypi",
                "url": "https://pypi.python.org/simple",
                "verify_ssl": true
            }
        ]
    },
    "default": {
        "asgiref": {
            "hashes": [
                "sha256:1d2880b792ae8757289136f1db2b7b99100ce959b2aa57fd69dab783d05afac4",
                "sha256:4a29362a6acebe09bf1d6640db38c1dc3d9217c68e6f9f6204d72667fc19a424"
            ],
            "version": "==3.5.2"
        },
        "django": {
            "hashes": [
                "sha256:18ba8efa36b69cfcd4b670d0fa187c6fe7506596f0ababe580e16909bcdec121",
                "sha256:3adc285124244724a394fa9b9839cc8cd116faf7d159554c43ecdaa8cdf0b94d"
            ],
            "index": "pypi",
            "version": "==3.2.16"
        },
        "django-material-admin": {
            "hashes": [
                "sha256:2de97e804a55d478d1776d2fe011970087c6756b5998e528b673fbb6e1f8e5c4",
                "sha256:cbd44161c6e8bed8e4fe80a68f90971d22c8a1bc7e731360bec08e6f950917f9"
            ],
            "index": "pypi",
            "version": "==1.8.6"
        },
        "psycopg2": {
            "hashes": [
                "sha256:07b90a24d5056687781ddaef0ea172fd951f2f7293f6ffdd03d4f5077801f426",
                "sha256:1da77c061bdaab450581458932ae5e469cc6e36e0d62f988376e9f513f11cb5c",
                "sha256:46361c054df612c3cc813fdb343733d56543fb93565cff0f8ace422e4da06acb",
                "sha256:839f9ea8f6098e39966d97fcb8d08548fbc57c523a1e27a1f0609addf40f777c",
                "sha256:849bd868ae3369932127f0771c08d1109b254f08d48dc42493c3d1b87cb2d308",
                "sha256:8de6a9fc5f42fa52f559e65120dcd7502394692490c98fed1221acf0819d7797",
                "sha256:a11946bad3557ca254f17357d5a4ed63bdca45163e7a7d2bfb8e695df069cc3a",
                "sha256:aa184d551a767ad25df3b8d22a0a62ef2962e0e374c04f6cbd1204947f540d61",
                "sha256:aafa96f2da0071d6dd0cbb7633406d99f414b40ab0f918c9d9af7df928a1accb",
                "sha256:c7fa041b4acb913f6968fce10169105af5200f296028251d817ab37847c30184",
                "sha256:d529926254e093a1b669f692a3aa50069bc71faf5b0ecd91686a78f62767d52f"
            ],
            "index": "pypi",
            "version": "==2.9.4"
        },
        "pytz": {
            "hashes": [
                "sha256:335ab46900b1465e714b4fda4963d87363264eb662aab5e65da039c25f1f5b22",
                "sha256:c4d88f472f54d615e9cd582a5004d1e5f624854a6a27a6211591c251f22a6914"
            ],
            "version": "==2022.5"
        },
        "sqlparse": {
            "hashes": [
                "sha256:0323c0ec29cd52bceabc1b4d9d579e311f3e4961b98d174201d5622a23b85e34",
                "sha256:69ca804846bb114d2ec380e4360a8a340db83f0ccf3afceeb1404df028f57268"
            ],
            "version": "==0.4.3"
        }
    },
    "develop": {}
}
